
Microsoft Visual Studio Solution File, Format Version 12.00
# Visual Studio Version 17
VisualStudioVersion = 17.8.34525.116
MinimumVisualStudioVersion = 10.0.40219.1
Project("{FAE04EC0-301F-11D3-BF4B-00C04F79EFBC}") = "PVP.Server", "PVP.Server\PVP.Server.csproj", "{9399C984-F21A-4971-AF2D-5973EE974E33}"
EndProject
Project("{54A90642-561A-4BB1-A94E-469ADEE60C69}") = "pvp.client", "pvp.client\pvp.client.esproj", "{2A0854B5-2058-44C0-A987-FE70DAD256D7}"
EndProject
Global
	GlobalSection(SolutionConfigurationPlatforms) = preSolution
		Debug|Any CPU = Debug|Any CPU
		Release|Any CPU = Release|Any CPU
	EndGlobalSection
	GlobalSection(ProjectConfigurationPlatforms) = postSolution
		{9399C984-F21A-4971-AF2D-5973EE974E33}.Debug|Any CPU.ActiveCfg = Debug|Any CPU
		{9399C984-F21A-4971-AF2D-5973EE974E33}.Debug|Any CPU.Build.0 = Debug|Any CPU
		{9399C984-F21A-4971-AF2D-5973EE974E33}.Release|Any CPU.ActiveCfg = Release|Any CPU
		{9399C984-F21A-4971-AF2D-5973EE974E33}.Release|Any CPU.Build.0 = Release|Any CPU
		{2A0854B5-2058-44C0-A987-FE70DAD256D7}.Debug|Any CPU.ActiveCfg = Debug|Any CPU
		{2A0854B5-2058-44C0-A987-FE70DAD256D7}.Debug|Any CPU.Build.0 = Debug|Any CPU
		{2A0854B5-2058-44C0-A987-FE70DAD256D7}.Debug|Any CPU.Deploy.0 = Debug|Any CPU
		{2A0854B5-2058-44C0-A987-FE70DAD256D7}.Release|Any CPU.ActiveCfg = Release|Any CPU
		{2A0854B5-2058-44C0-A987-FE70DAD256D7}.Release|Any CPU.Build.0 = Release|Any CPU
		{2A0854B5-2058-44C0-A987-FE70DAD256D7}.Release|Any CPU.Deploy.0 = Release|Any CPU
	EndGlobalSection
	GlobalSection(SolutionProperties) = preSolution
		HideSolutionNode = FALSE
	EndGlobalSection
	GlobalSection(ExtensibilityGlobals) = postSolution
		SolutionGuid = {844AF494-4AB3-4364-9AAA-A4A9CA727D03}
	EndGlobalSection
EndGlobal
